
Microsoft Visual Studio Solution File, Format Version 12.00
Project("{2150E333-8FDC-42A3-9474-1A3956D46DE8}") = "Domain", "Domain", "{59870D4F-0735-493C-9302-A75072092C4E}"
EndProject
Project("{FAE04EC0-301F-11D3-BF4B-00C04F79EFBC}") = "Transport.Domain", "Transport.Domain\Transport.Domain.csproj", "{FD464A1C-6608-4F80-9497-2D77FF4AB77A}"
EndProject
Project("{2150E333-8FDC-42A3-9474-1A3956D46DE8}") = "Application", "Application", "{16AEAB98-0F4E-42CF-BB16-0EC4BF0700C0}"
EndProject
Project("{FAE04EC0-301F-11D3-BF4B-00C04F79EFBC}") = "Transportation.Application", "Transportation.Application\Transportation.Application.csproj", "{3226A8A6-8085-453D-A741-0CF7407A5AF1}"
EndProject
Project("{2150E333-8FDC-42A3-9474-1A3956D46DE8}") = "Infrastructure", "Infrastructure", "{2ED6B7EF-7AA2-4894-B40E-532B36C7A755}"
EndProject
Project("{FAE04EC0-301F-11D3-BF4B-00C04F79EFBC}") = "Transportation.Infrastructure.Efcore", "Transportation.Infrastructure.Efcore\Transportation.Infrastructure.Efcore.csproj", "{C1D26E11-FC80-4AC9-A493-326AEFE4E99F}"
EndProject
Project("{FAE04EC0-301F-11D3-BF4B-00C04F79EFBC}") = "Transportation.Infrastructure.Query", "Transportation.Infrastructure.Query\Transportation.Infrastructure.Query.csproj", "{C9F440D5-0956-4646-839B-E27772874A07}"
EndProject
Project("{FAE04EC0-301F-11D3-BF4B-00C04F79EFBC}") = "Transportation.Infrastructure.Config", "Transportation.Infrastructure.Config\Transportation.Infrastructure.Config.csproj", "{37CA341B-1B9F-41E0-8DB9-58AA094D4BFA}"
EndProject
Project("{2150E333-8FDC-42A3-9474-1A3956D46DE8}") = "Presentation", "Presentation", "{A850D67F-B948-4553-8E79-7DA62248B752}"
EndProject
Project("{FAE04EC0-301F-11D3-BF4B-00C04F79EFBC}") = "Transportation.Presentation.Facade.Command", "Transportation.Presentation.Facade.Command\Transportation.Presentation.Facade.Command.csproj", "{8C9D02D8-B16C-41F6-8748-C07664D7B619}"
EndProject
Project("{FAE04EC0-301F-11D3-BF4B-00C04F79EFBC}") = "Transportation.Presentation.Facade.Query", "Transportation.Presentation.Facade.Query\Transportation.Presentation.Facade.Query.csproj", "{E9A8FFF2-79DC-43D0-B80F-D8C2CD793BC2}"
EndProject
Project("{FAE04EC0-301F-11D3-BF4B-00C04F79EFBC}") = "Transportation.Presentation.Api", "Transportation.Presentation.Api\Transportation.Presentation.Api.csproj", "{11620914-9A37-4E88-89FE-26291DC6248C}"
EndProject
Project("{FAE04EC0-301F-11D3-BF4B-00C04F79EFBC}") = "Phoenix.SSO", "Phoenix.SSO\Phoenix.SSO.csproj", "{BA50EEEF-1C4B-4AFE-803F-55C2768358D2}"
EndProject
Project("{2150E333-8FDC-42A3-9474-1A3956D46DE8}") = "Transportation", "Transportation", "{26B68998-F516-4832-BBF1-5A683689DA0B}"
EndProject
Project("{2150E333-8FDC-42A3-9474-1A3956D46DE8}") = "UserManagement", "UserManagement", "{18BB64D1-2E4D-4A0E-B8EF-7885D3FD647F}"
EndProject
Project("{FAE04EC0-301F-11D3-BF4B-00C04F79EFBC}") = "UserManagement.Domain", "UserManagement.Domain\UserManagement.Domain.csproj", "{7AE495E5-0365-4E5A-8FC6-F1B155DB57C7}"
EndProject
Project("{FAE04EC0-301F-11D3-BF4B-00C04F79EFBC}") = "UserManagement.Query.Contracts", "UserManagement.Query.Contracts\UserManagement.Query.Contracts.csproj", "{ABE12277-596D-4AE4-A339-F2D9EC222F87}"
EndProject
Project("{FAE04EC0-301F-11D3-BF4B-00C04F79EFBC}") = "UserManagement.Query", "UserManagement.Query\UserManagement.Query.csproj", "{ACAF37B9-55B0-40E0-98F6-8C879F89C02C}"
EndProject
Project("{FAE04EC0-301F-11D3-BF4B-00C04F79EFBC}") = "UserManagement.Persistence", "UserManagement.Persistence\UserManagement.Persistence.csproj", "{0302C810-6912-4E80-B464-B12403C62445}"
EndProject
Project("{FAE04EC0-301F-11D3-BF4B-00C04F79EFBC}") = "UserManagement.Infrastructure.Config", "UserManagement.Infrastructure.Config\UserManagement.Infrastructure.Config.csproj", "{D4EFF578-BD0B-4EFF-92CA-521EDE60FC61}"
EndProject
Project("{FAE04EC0-301F-11D3-BF4B-00C04F79EFBC}") = "UserManagement.Application.Contracts", "UserManagement.Application.Contracts\UserManagement.Application.Contracts.csproj", "{696273F4-5D8E-443B-B8C1-50C1DCFAC8B2}"
EndProject
Project("{FAE04EC0-301F-11D3-BF4B-00C04F79EFBC}") = "UserManagement.Application", "UserManagement.Application\UserManagement.Application.csproj", "{B88319F9-CCAD-4FD4-9122-052B98B7DBEE}"
EndProject
Project("{FAE04EC0-301F-11D3-BF4B-00C04F79EFBC}") = "UserManagement.Acl", "UserManagement.Acl\UserManagement.Acl.csproj", "{AC70A5FD-7A47-4BBE-91BE-64D459806D4F}"
EndProject
Project("{FAE04EC0-301F-11D3-BF4B-00C04F79EFBC}") = "Um.Presentation.RestApi", "Um.Presentation.RestApi\Um.Presentation.RestApi.csproj", "{CBAED549-2949-4265-B863-553C1697377D}"
EndProject
Project("{FAE04EC0-301F-11D3-BF4B-00C04F79EFBC}") = "Um.Presentation.Facade.Query", "Um.Presentation.Facade.Query\Um.Presentation.Facade.Query.csproj", "{0291F999-6B56-4E89-97F5-2E1287674316}"
EndProject
Project("{FAE04EC0-301F-11D3-BF4B-00C04F79EFBC}") = "Um.Presentation.Facade.Contract", "Um.Presentation.Facade.Contract\Um.Presentation.Facade.Contract.csproj", "{16786357-CA0B-492B-98F1-E01DFE317335}"
EndProject
Project("{FAE04EC0-301F-11D3-BF4B-00C04F79EFBC}") = "Um.Presentation.Facade.Command", "Um.Presentation.Facade.Command\Um.Presentation.Facade.Command.csproj", "{FA12735C-DDD3-47E5-BB9A-5630B33ED75C}"
EndProject
Global
	GlobalSection(SolutionConfigurationPlatforms) = preSolution
		Debug|Any CPU = Debug|Any CPU
		Release|Any CPU = Release|Any CPU
	EndGlobalSection
	GlobalSection(NestedProjects) = preSolution
		{FD464A1C-6608-4F80-9497-2D77FF4AB77A} = {59870D4F-0735-493C-9302-A75072092C4E}
		{3226A8A6-8085-453D-A741-0CF7407A5AF1} = {16AEAB98-0F4E-42CF-BB16-0EC4BF0700C0}
		{C1D26E11-FC80-4AC9-A493-326AEFE4E99F} = {2ED6B7EF-7AA2-4894-B40E-532B36C7A755}
		{C9F440D5-0956-4646-839B-E27772874A07} = {2ED6B7EF-7AA2-4894-B40E-532B36C7A755}
		{37CA341B-1B9F-41E0-8DB9-58AA094D4BFA} = {2ED6B7EF-7AA2-4894-B40E-532B36C7A755}
		{8C9D02D8-B16C-41F6-8748-C07664D7B619} = {A850D67F-B948-4553-8E79-7DA62248B752}
		{E9A8FFF2-79DC-43D0-B80F-D8C2CD793BC2} = {A850D67F-B948-4553-8E79-7DA62248B752}
		{11620914-9A37-4E88-89FE-26291DC6248C} = {A850D67F-B948-4553-8E79-7DA62248B752}
		{16AEAB98-0F4E-42CF-BB16-0EC4BF0700C0} = {26B68998-F516-4832-BBF1-5A683689DA0B}
		{59870D4F-0735-493C-9302-A75072092C4E} = {26B68998-F516-4832-BBF1-5A683689DA0B}
		{2ED6B7EF-7AA2-4894-B40E-532B36C7A755} = {26B68998-F516-4832-BBF1-5A683689DA0B}
		{A850D67F-B948-4553-8E79-7DA62248B752} = {26B68998-F516-4832-BBF1-5A683689DA0B}
		{7AE495E5-0365-4E5A-8FC6-F1B155DB57C7} = {18BB64D1-2E4D-4A0E-B8EF-7885D3FD647F}
		{ABE12277-596D-4AE4-A339-F2D9EC222F87} = {18BB64D1-2E4D-4A0E-B8EF-7885D3FD647F}
		{ACAF37B9-55B0-40E0-98F6-8C879F89C02C} = {18BB64D1-2E4D-4A0E-B8EF-7885D3FD647F}
		{0302C810-6912-4E80-B464-B12403C62445} = {18BB64D1-2E4D-4A0E-B8EF-7885D3FD647F}
		{D4EFF578-BD0B-4EFF-92CA-521EDE60FC61} = {18BB64D1-2E4D-4A0E-B8EF-7885D3FD647F}
		{696273F4-5D8E-443B-B8C1-50C1DCFAC8B2} = {18BB64D1-2E4D-4A0E-B8EF-7885D3FD647F}
		{B88319F9-CCAD-4FD4-9122-052B98B7DBEE} = {18BB64D1-2E4D-4A0E-B8EF-7885D3FD647F}
		{AC70A5FD-7A47-4BBE-91BE-64D459806D4F} = {18BB64D1-2E4D-4A0E-B8EF-7885D3FD647F}
		{CBAED549-2949-4265-B863-553C1697377D} = {18BB64D1-2E4D-4A0E-B8EF-7885D3FD647F}
		{0291F999-6B56-4E89-97F5-2E1287674316} = {18BB64D1-2E4D-4A0E-B8EF-7885D3FD647F}
		{16786357-CA0B-492B-98F1-E01DFE317335} = {18BB64D1-2E4D-4A0E-B8EF-7885D3FD647F}
		{FA12735C-DDD3-47E5-BB9A-5630B33ED75C} = {18BB64D1-2E4D-4A0E-B8EF-7885D3FD647F}
	EndGlobalSection
	GlobalSection(ProjectConfigurationPlatforms) = postSolution
		{FD464A1C-6608-4F80-9497-2D77FF4AB77A}.Debug|Any CPU.ActiveCfg = Debug|Any CPU
		{FD464A1C-6608-4F80-9497-2D77FF4AB77A}.Debug|Any CPU.Build.0 = Debug|Any CPU
		{FD464A1C-6608-4F80-9497-2D77FF4AB77A}.Release|Any CPU.ActiveCfg = Release|Any CPU
		{FD464A1C-6608-4F80-9497-2D77FF4AB77A}.Release|Any CPU.Build.0 = Release|Any CPU
		{3226A8A6-8085-453D-A741-0CF7407A5AF1}.Debug|Any CPU.ActiveCfg = Debug|Any CPU
		{3226A8A6-8085-453D-A741-0CF7407A5AF1}.Debug|Any CPU.Build.0 = Debug|Any CPU
		{3226A8A6-8085-453D-A741-0CF7407A5AF1}.Release|Any CPU.ActiveCfg = Release|Any CPU
		{3226A8A6-8085-453D-A741-0CF7407A5AF1}.Release|Any CPU.Build.0 = Release|Any CPU
		{C1D26E11-FC80-4AC9-A493-326AEFE4E99F}.Debug|Any CPU.ActiveCfg = Debug|Any CPU
		{C1D26E11-FC80-4AC9-A493-326AEFE4E99F}.Debug|Any CPU.Build.0 = Debug|Any CPU
		{C1D26E11-FC80-4AC9-A493-326AEFE4E99F}.Release|Any CPU.ActiveCfg = Release|Any CPU
		{C1D26E11-FC80-4AC9-A493-326AEFE4E99F}.Release|Any CPU.Build.0 = Release|Any CPU
		{C9F440D5-0956-4646-839B-E27772874A07}.Debug|Any CPU.ActiveCfg = Debug|Any CPU
		{C9F440D5-0956-4646-839B-E27772874A07}.Debug|Any CPU.Build.0 = Debug|Any CPU
		{C9F440D5-0956-4646-839B-E27772874A07}.Release|Any CPU.ActiveCfg = Release|Any CPU
		{C9F440D5-0956-4646-839B-E27772874A07}.Release|Any CPU.Build.0 = Release|Any CPU
		{37CA341B-1B9F-41E0-8DB9-58AA094D4BFA}.Debug|Any CPU.ActiveCfg = Debug|Any CPU
		{37CA341B-1B9F-41E0-8DB9-58AA094D4BFA}.Debug|Any CPU.Build.0 = Debug|Any CPU
		{37CA341B-1B9F-41E0-8DB9-58AA094D4BFA}.Release|Any CPU.ActiveCfg = Release|Any CPU
		{37CA341B-1B9F-41E0-8DB9-58AA094D4BFA}.Release|Any CPU.Build.0 = Release|Any CPU
		{8C9D02D8-B16C-41F6-8748-C07664D7B619}.Debug|Any CPU.ActiveCfg = Debug|Any CPU
		{8C9D02D8-B16C-41F6-8748-C07664D7B619}.Debug|Any CPU.Build.0 = Debug|Any CPU
		{8C9D02D8-B16C-41F6-8748-C07664D7B619}.Release|Any CPU.ActiveCfg = Release|Any CPU
		{8C9D02D8-B16C-41F6-8748-C07664D7B619}.Release|Any CPU.Build.0 = Release|Any CPU
		{E9A8FFF2-79DC-43D0-B80F-D8C2CD793BC2}.Debug|Any CPU.ActiveCfg = Debug|Any CPU
		{E9A8FFF2-79DC-43D0-B80F-D8C2CD793BC2}.Debug|Any CPU.Build.0 = Debug|Any CPU
		{E9A8FFF2-79DC-43D0-B80F-D8C2CD793BC2}.Release|Any CPU.ActiveCfg = Release|Any CPU
		{E9A8FFF2-79DC-43D0-B80F-D8C2CD793BC2}.Release|Any CPU.Build.0 = Release|Any CPU
		{11620914-9A37-4E88-89FE-26291DC6248C}.Debug|Any CPU.ActiveCfg = Debug|Any CPU
		{11620914-9A37-4E88-89FE-26291DC6248C}.Debug|Any CPU.Build.0 = Debug|Any CPU
		{11620914-9A37-4E88-89FE-26291DC6248C}.Release|Any CPU.ActiveCfg = Release|Any CPU
		{11620914-9A37-4E88-89FE-26291DC6248C}.Release|Any CPU.Build.0 = Release|Any CPU
		{BA50EEEF-1C4B-4AFE-803F-55C2768358D2}.Debug|Any CPU.ActiveCfg = Debug|Any CPU
		{BA50EEEF-1C4B-4AFE-803F-55C2768358D2}.Debug|Any CPU.Build.0 = Debug|Any CPU
		{BA50EEEF-1C4B-4AFE-803F-55C2768358D2}.Release|Any CPU.ActiveCfg = Release|Any CPU
		{BA50EEEF-1C4B-4AFE-803F-55C2768358D2}.Release|Any CPU.Build.0 = Release|Any CPU
		{7AE495E5-0365-4E5A-8FC6-F1B155DB57C7}.Debug|Any CPU.ActiveCfg = Debug|Any CPU
		{7AE495E5-0365-4E5A-8FC6-F1B155DB57C7}.Debug|Any CPU.Build.0 = Debug|Any CPU
		{7AE495E5-0365-4E5A-8FC6-F1B155DB57C7}.Release|Any CPU.ActiveCfg = Release|Any CPU
		{7AE495E5-0365-4E5A-8FC6-F1B155DB57C7}.Release|Any CPU.Build.0 = Release|Any CPU
		{ABE12277-596D-4AE4-A339-F2D9EC222F87}.Debug|Any CPU.ActiveCfg = Debug|Any CPU
		{ABE12277-596D-4AE4-A339-F2D9EC222F87}.Debug|Any CPU.Build.0 = Debug|Any CPU
		{ABE12277-596D-4AE4-A339-F2D9EC222F87}.Release|Any CPU.ActiveCfg = Release|Any CPU
		{ABE12277-596D-4AE4-A339-F2D9EC222F87}.Release|Any CPU.Build.0 = Release|Any CPU
		{ACAF37B9-55B0-40E0-98F6-8C879F89C02C}.Debug|Any CPU.ActiveCfg = Debug|Any CPU
		{ACAF37B9-55B0-40E0-98F6-8C879F89C02C}.Debug|Any CPU.Build.0 = Debug|Any CPU
		{ACAF37B9-55B0-40E0-98F6-8C879F89C02C}.Release|Any CPU.ActiveCfg = Release|Any CPU
		{ACAF37B9-55B0-40E0-98F6-8C879F89C02C}.Release|Any CPU.Build.0 = Release|Any CPU
		{0302C810-6912-4E80-B464-B12403C62445}.Debug|Any CPU.ActiveCfg = Debug|Any CPU
		{0302C810-6912-4E80-B464-B12403C62445}.Debug|Any CPU.Build.0 = Debug|Any CPU
		{0302C810-6912-4E80-B464-B12403C62445}.Release|Any CPU.ActiveCfg = Release|Any CPU
		{0302C810-6912-4E80-B464-B12403C62445}.Release|Any CPU.Build.0 = Release|Any CPU
		{D4EFF578-BD0B-4EFF-92CA-521EDE60FC61}.Debug|Any CPU.ActiveCfg = Debug|Any CPU
		{D4EFF578-BD0B-4EFF-92CA-521EDE60FC61}.Debug|Any CPU.Build.0 = Debug|Any CPU
		{D4EFF578-BD0B-4EFF-92CA-521EDE60FC61}.Release|Any CPU.ActiveCfg = Release|Any CPU
		{D4EFF578-BD0B-4EFF-92CA-521EDE60FC61}.Release|Any CPU.Build.0 = Release|Any CPU
		{696273F4-5D8E-443B-B8C1-50C1DCFAC8B2}.Debug|Any CPU.ActiveCfg = Debug|Any CPU
		{696273F4-5D8E-443B-B8C1-50C1DCFAC8B2}.Debug|Any CPU.Build.0 = Debug|Any CPU
		{696273F4-5D8E-443B-B8C1-50C1DCFAC8B2}.Release|Any CPU.ActiveCfg = Release|Any CPU
		{696273F4-5D8E-443B-B8C1-50C1DCFAC8B2}.Release|Any CPU.Build.0 = Release|Any CPU
		{B88319F9-CCAD-4FD4-9122-052B98B7DBEE}.Debug|Any CPU.ActiveCfg = Debug|Any CPU
		{B88319F9-CCAD-4FD4-9122-052B98B7DBEE}.Debug|Any CPU.Build.0 = Debug|Any CPU
		{B88319F9-CCAD-4FD4-9122-052B98B7DBEE}.Release|Any CPU.ActiveCfg = Release|Any CPU
		{B88319F9-CCAD-4FD4-9122-052B98B7DBEE}.Release|Any CPU.Build.0 = Release|Any CPU
		{AC70A5FD-7A47-4BBE-91BE-64D459806D4F}.Debug|Any CPU.ActiveCfg = Debug|Any CPU
		{AC70A5FD-7A47-4BBE-91BE-64D459806D4F}.Debug|Any CPU.Build.0 = Debug|Any CPU
		{AC70A5FD-7A47-4BBE-91BE-64D459806D4F}.Release|Any CPU.ActiveCfg = Release|Any CPU
		{AC70A5FD-7A47-4BBE-91BE-64D459806D4F}.Release|Any CPU.Build.0 = Release|Any CPU
		{CBAED549-2949-4265-B863-553C1697377D}.Debug|Any CPU.ActiveCfg = Debug|Any CPU
		{CBAED549-2949-4265-B863-553C1697377D}.Debug|Any CPU.Build.0 = Debug|Any CPU
		{CBAED549-2949-4265-B863-553C1697377D}.Release|Any CPU.ActiveCfg = Release|Any CPU
		{CBAED549-2949-4265-B863-553C1697377D}.Release|Any CPU.Build.0 = Release|Any CPU
		{0291F999-6B56-4E89-97F5-2E1287674316}.Debug|Any CPU.ActiveCfg = Debug|Any CPU
		{0291F999-6B56-4E89-97F5-2E1287674316}.Debug|Any CPU.Build.0 = Debug|Any CPU
		{0291F999-6B56-4E89-97F5-2E1287674316}.Release|Any CPU.ActiveCfg = Release|Any CPU
		{0291F999-6B56-4E89-97F5-2E1287674316}.Release|Any CPU.Build.0 = Release|Any CPU
		{16786357-CA0B-492B-98F1-E01DFE317335}.Debug|Any CPU.ActiveCfg = Debug|Any CPU
		{16786357-CA0B-492B-98F1-E01DFE317335}.Debug|Any CPU.Build.0 = Debug|Any CPU
		{16786357-CA0B-492B-98F1-E01DFE317335}.Release|Any CPU.ActiveCfg = Release|Any CPU
		{16786357-CA0B-492B-98F1-E01DFE317335}.Release|Any CPU.Build.0 = Release|Any CPU
		{FA12735C-DDD3-47E5-BB9A-5630B33ED75C}.Debug|Any CPU.ActiveCfg = Debug|Any CPU
		{FA12735C-DDD3-47E5-BB9A-5630B33ED75C}.Debug|Any CPU.Build.0 = Debug|Any CPU
		{FA12735C-DDD3-47E5-BB9A-5630B33ED75C}.Release|Any CPU.ActiveCfg = Release|Any CPU
		{FA12735C-DDD3-47E5-BB9A-5630B33ED75C}.Release|Any CPU.Build.0 = Release|Any CPU
	EndGlobalSection
EndGlobal
